
Microsoft Visual Studio Solution File, Format Version 12.00
# Visual Studio Version 17
VisualStudioVersion = 17.5.002.0
MinimumVisualStudioVersion = 10.0.40219.1
Project("{2150E333-8FDC-42A3-9474-1A3956D46DE8}") = "csharp-prep", "csharp-prep", "{8F763441-A158-4337-A5B8-73913A73B286}"
EndProject
Project("{9A19103F-16F7-4668-BE54-9A1E7A4F7556}") = "Prep1", "csharp-prep\Prep1\Prep1.csproj", "{36A99445-FE54-49FA-96F3-1102E2ED185E}"
EndProject
Project("{9A19103F-16F7-4668-BE54-9A1E7A4F7556}") = "Prep2", "csharp-prep\Prep2\Prep2.csproj", "{621DE738-5D25-413B-9ACF-105559CA49F8}"
EndProject
Project("{9A19103F-16F7-4668-BE54-9A1E7A4F7556}") = "Prep3", "csharp-prep\Prep3\Prep3.csproj", "{73CA4A0A-C0FA-489F-BDBE-EDEBB208B808}"
EndProject
Project("{9A19103F-16F7-4668-BE54-9A1E7A4F7556}") = "Prep4", "csharp-prep\Prep4\Prep4.csproj", "{BD69016F-9C7F-4426-989D-0CC0976CDC4F}"
EndProject
Project("{9A19103F-16F7-4668-BE54-9A1E7A4F7556}") = "Prep5", "csharp-prep\Prep5\Prep5.csproj", "{506495C1-E943-454D-8B16-98C323BA63D5}"
EndProject
Project("{2150E333-8FDC-42A3-9474-1A3956D46DE8}") = "final", "final", "{A160D467-EE5D-44E6-9F7B-A5D60A351238}"
EndProject
Project("{9A19103F-16F7-4668-BE54-9A1E7A4F7556}") = "FinalProject", "final\FinalProject\FinalProject.csproj", "{B6641376-683E-4D4B-8090-94662EF086DB}"
EndProject
Project("{9A19103F-16F7-4668-BE54-9A1E7A4F7556}") = "Foundation1", "final\Foundation1\Foundation1.csproj", "{7E176ED7-E172-4469-A7A5-0165EEE8A97E}"
EndProject
Project("{9A19103F-16F7-4668-BE54-9A1E7A4F7556}") = "Foundation2", "final\Foundation2\Foundation2.csproj", "{C8C87BF1-91E2-4E96-AD51-B85A787D9EE0}"
EndProject
Project("{9A19103F-16F7-4668-BE54-9A1E7A4F7556}") = "Foundation3", "final\Foundation3\Foundation3.csproj", "{71CF8EDC-DBC3-4A7E-B7C5-E27C74DB3687}"
EndProject
Project("{9A19103F-16F7-4668-BE54-9A1E7A4F7556}") = "Foundation4", "final\Foundation4\Foundation4.csproj", "{B7EDB076-6B8C-42FC-A825-F8A290B46ACB}"
EndProject
Project("{2150E333-8FDC-42A3-9474-1A3956D46DE8}") = "prepare", "prepare", "{9AFAA882-A5AE-4F77-B8A1-B16BAE9B2DB2}"
EndProject
Project("{9A19103F-16F7-4668-BE54-9A1E7A4F7556}") = "Learning02", "prepare\Learning02\Learning02.csproj", "{56B26D7A-B1A7-43BE-B913-4E6E63B4BBF4}"
EndProject
Project("{9A19103F-16F7-4668-BE54-9A1E7A4F7556}") = "Learning03", "prepare\Learning03\Learning03.csproj", "{29D3A891-DA3A-42AE-843A-0ED7BDBE4875}"
EndProject
Project("{9A19103F-16F7-4668-BE54-9A1E7A4F7556}") = "Learning04", "prepare\Learning04\Learning04.csproj", "{4AF31667-C417-467C-8D1C-80629D414984}"
EndProject
Project("{9A19103F-16F7-4668-BE54-9A1E7A4F7556}") = "Learning05", "prepare\Learning05\Learning05.csproj", "{2A8D681B-A84E-485E-BF76-298F1EC8DE45}"
EndProject
Project("{2150E333-8FDC-42A3-9474-1A3956D46DE8}") = "prove", "prove", "{B62C871C-FDA0-469B-88EC-AD02C912A2EE}"
EndProject
Project("{9A19103F-16F7-4668-BE54-9A1E7A4F7556}") = "Develop02", "prove\Develop02\Develop02.csproj", "{9EFB829D-FFD0-44C3-BEBF-6C888606F5C6}"
EndProject
Project("{9A19103F-16F7-4668-BE54-9A1E7A4F7556}") = "Develop03", "prove\Develop03\Develop03.csproj", "{E98D30A5-5BE2-48A7-8D4D-36B0F6A27928}"
EndProject
Project("{9A19103F-16F7-4668-BE54-9A1E7A4F7556}") = "Develop04", "prove\Develop04\Develop04.csproj", "{6B35CE2C-6B89-405F-9358-A37F2AC67A4D}"
EndProject
Project("{9A19103F-16F7-4668-BE54-9A1E7A4F7556}") = "Develop05", "prove\Develop05\Develop05.csproj", "{18F0A582-EE81-4E3C-8DE2-C10C9CE90326}"
EndProject
Project("{2150E333-8FDC-42A3-9474-1A3956D46DE8}") = "sandbox", "sandbox", "{EC969C20-7C4B-4697-BE7B-357BF41A6E15}"
EndProject
Project("{9A19103F-16F7-4668-BE54-9A1E7A4F7556}") = "Sandbox", "sandbox\Sandbox\Sandbox.csproj", "{34C35752-E61A-4059-92D5-CD9D9E920F7B}"
EndProject
Global
	GlobalSection(SolutionConfigurationPlatforms) = preSolution
		Debug|Any CPU = Debug|Any CPU
		Release|Any CPU = Release|Any CPU
	EndGlobalSection
	GlobalSection(ProjectConfigurationPlatforms) = postSolution
		{36A99445-FE54-49FA-96F3-1102E2ED185E}.Debug|Any CPU.ActiveCfg = Debug|Any CPU
		{36A99445-FE54-49FA-96F3-1102E2ED185E}.Debug|Any CPU.Build.0 = Debug|Any CPU
		{36A99445-FE54-49FA-96F3-1102E2ED185E}.Release|Any CPU.ActiveCfg = Release|Any CPU
		{36A99445-FE54-49FA-96F3-1102E2ED185E}.Release|Any CPU.Build.0 = Release|Any CPU
		{621DE738-5D25-413B-9ACF-105559CA49F8}.Debug|Any CPU.ActiveCfg = Debug|Any CPU
		{621DE738-5D25-413B-9ACF-105559CA49F8}.Debug|Any CPU.Build.0 = Debug|Any CPU
		{621DE738-5D25-413B-9ACF-105559CA49F8}.Release|Any CPU.ActiveCfg = Release|Any CPU
		{621DE738-5D25-413B-9ACF-105559CA49F8}.Release|Any CPU.Build.0 = Release|Any CPU
		{73CA4A0A-C0FA-489F-BDBE-EDEBB208B808}.Debug|Any CPU.ActiveCfg = Debug|Any CPU
		{73CA4A0A-C0FA-489F-BDBE-EDEBB208B808}.Debug|Any CPU.Build.0 = Debug|Any CPU
		{73CA4A0A-C0FA-489F-BDBE-EDEBB208B808}.Release|Any CPU.ActiveCfg = Release|Any CPU
		{73CA4A0A-C0FA-489F-BDBE-EDEBB208B808}.Release|Any CPU.Build.0 = Release|Any CPU
		{BD69016F-9C7F-4426-989D-0CC0976CDC4F}.Debug|Any CPU.ActiveCfg = Debug|Any CPU
		{BD69016F-9C7F-4426-989D-0CC0976CDC4F}.Debug|Any CPU.Build.0 = Debug|Any CPU
		{BD69016F-9C7F-4426-989D-0CC0976CDC4F}.Release|Any CPU.ActiveCfg = Release|Any CPU
		{BD69016F-9C7F-4426-989D-0CC0976CDC4F}.Release|Any CPU.Build.0 = Release|Any CPU
		{506495C1-E943-454D-8B16-98C323BA63D5}.Debug|Any CPU.ActiveCfg = Debug|Any CPU
		{506495C1-E943-454D-8B16-98C323BA63D5}.Debug|Any CPU.Build.0 = Debug|Any CPU
		{506495C1-E943-454D-8B16-98C323BA63D5}.Release|Any CPU.ActiveCfg = Release|Any CPU
		{506495C1-E943-454D-8B16-98C323BA63D5}.Release|Any CPU.Build.0 = Release|Any CPU
		{B6641376-683E-4D4B-8090-94662EF086DB}.Debug|Any CPU.ActiveCfg = Debug|Any CPU
		{B6641376-683E-4D4B-8090-94662EF086DB}.Debug|Any CPU.Build.0 = Debug|Any CPU
		{B6641376-683E-4D4B-8090-94662EF086DB}.Release|Any CPU.ActiveCfg = Release|Any CPU
		{B6641376-683E-4D4B-8090-94662EF086DB}.Release|Any CPU.Build.0 = Release|Any CPU
		{7E176ED7-E172-4469-A7A5-0165EEE8A97E}.Debug|Any CPU.ActiveCfg = Debug|Any CPU
		{7E176ED7-E172-4469-A7A5-0165EEE8A97E}.Debug|Any CPU.Build.0 = Debug|Any CPU
		{7E176ED7-E172-4469-A7A5-0165EEE8A97E}.Release|Any CPU.ActiveCfg = Release|Any CPU
		{7E176ED7-E172-4469-A7A5-0165EEE8A97E}.Release|Any CPU.Build.0 = Release|Any CPU
		{C8C87BF1-91E2-4E96-AD51-B85A787D9EE0}.Debug|Any CPU.ActiveCfg = Debug|Any CPU
		{C8C87BF1-91E2-4E96-AD51-B85A787D9EE0}.Debug|Any CPU.Build.0 = Debug|Any CPU
		{C8C87BF1-91E2-4E96-AD51-B85A787D9EE0}.Release|Any CPU.ActiveCfg = Release|Any CPU
		{C8C87BF1-91E2-4E96-AD51-B85A787D9EE0}.Release|Any CPU.Build.0 = Release|Any CPU
		{71CF8EDC-DBC3-4A7E-B7C5-E27C74DB3687}.Debug|Any CPU.ActiveCfg = Debug|Any CPU
		{71CF8EDC-DBC3-4A7E-B7C5-E27C74DB3687}.Debug|Any CPU.Build.0 = Debug|Any CPU
		{71CF8EDC-DBC3-4A7E-B7C5-E27C74DB3687}.Release|Any CPU.ActiveCfg = Release|Any CPU
		{71CF8EDC-DBC3-4A7E-B7C5-E27C74DB3687}.Release|Any CPU.Build.0 = Release|Any CPU
		{B7EDB076-6B8C-42FC-A825-F8A290B46ACB}.Debug|Any CPU.ActiveCfg = Debug|Any CPU
		{B7EDB076-6B8C-42FC-A825-F8A290B46ACB}.Debug|Any CPU.Build.0 = Debug|Any CPU
		{B7EDB076-6B8C-42FC-A825-F8A290B46ACB}.Release|Any CPU.ActiveCfg = Release|Any CPU
		{B7EDB076-6B8C-42FC-A825-F8A290B46ACB}.Release|Any CPU.Build.0 = Release|Any CPU
		{56B26D7A-B1A7-43BE-B913-4E6E63B4BBF4}.Debug|Any CPU.ActiveCfg = Debug|Any CPU
		{56B26D7A-B1A7-43BE-B913-4E6E63B4BBF4}.Debug|Any CPU.Build.0 = Debug|Any CPU
		{56B26D7A-B1A7-43BE-B913-4E6E63B4BBF4}.Release|Any CPU.ActiveCfg = Release|Any CPU
		{56B26D7A-B1A7-43BE-B913-4E6E63B4BBF4}.Release|Any CPU.Build.0 = Release|Any CPU
		{29D3A891-DA3A-42AE-843A-0ED7BDBE4875}.Debug|Any CPU.ActiveCfg = Debug|Any CPU
		{29D3A891-DA3A-42AE-843A-0ED7BDBE4875}.Debug|Any CPU.Build.0 = Debug|Any CPU
		{29D3A891-DA3A-42AE-843A-0ED7BDBE4875}.Release|Any CPU.ActiveCfg = Release|Any CPU
		{29D3A891-DA3A-42AE-843A-0ED7BDBE4875}.Release|Any CPU.Build.0 = Release|Any CPU
		{4AF31667-C417-467C-8D1C-80629D414984}.Debug|Any CPU.ActiveCfg = Debug|Any CPU
		{4AF31667-C417-467C-8D1C-80629D414984}.Debug|Any CPU.Build.0 = Debug|Any CPU
		{4AF31667-C417-467C-8D1C-80629D414984}.Release|Any CPU.ActiveCfg = Release|Any CPU
		{4AF31667-C417-467C-8D1C-80629D414984}.Release|Any CPU.Build.0 = Release|Any CPU
		{2A8D681B-A84E-485E-BF76-298F1EC8DE45}.Debug|Any CPU.ActiveCfg = Debug|Any CPU
		{2A8D681B-A84E-485E-BF76-298F1EC8DE45}.Debug|Any CPU.Build.0 = Debug|Any CPU
		{2A8D681B-A84E-485E-BF76-298F1EC8DE45}.Release|Any CPU.ActiveCfg = Release|Any CPU
		{2A8D681B-A84E-485E-BF76-298F1EC8DE45}.Release|Any CPU.Build.0 = Release|Any CPU
		{9EFB829D-FFD0-44C3-BEBF-6C888606F5C6}.Debug|Any CPU.ActiveCfg = Debug|Any CPU
		{9EFB829D-FFD0-44C3-BEBF-6C888606F5C6}.Debug|Any CPU.Build.0 = Debug|Any CPU
		{9EFB829D-FFD0-44C3-BEBF-6C888606F5C6}.Release|Any CPU.ActiveCfg = Release|Any CPU
		{9EFB829D-FFD0-44C3-BEBF-6C888606F5C6}.Release|Any CPU.Build.0 = Release|Any CPU
		{E98D30A5-5BE2-48A7-8D4D-36B0F6A27928}.Debug|Any CPU.ActiveCfg = Debug|Any CPU
		{E98D30A5-5BE2-48A7-8D4D-36B0F6A27928}.Debug|Any CPU.Build.0 = Debug|Any CPU
		{E98D30A5-5BE2-48A7-8D4D-36B0F6A27928}.Release|Any CPU.ActiveCfg = Release|Any CPU
		{E98D30A5-5BE2-48A7-8D4D-36B0F6A27928}.Release|Any CPU.Build.0 = Release|Any CPU
		{6B35CE2C-6B89-405F-9358-A37F2AC67A4D}.Debug|Any CPU.ActiveCfg = Debug|Any CPU
		{6B35CE2C-6B89-405F-9358-A37F2AC67A4D}.Debug|Any CPU.Build.0 = Debug|Any CPU
		{6B35CE2C-6B89-405F-9358-A37F2AC67A4D}.Release|Any CPU.ActiveCfg = Release|Any CPU
		{6B35CE2C-6B89-405F-9358-A37F2AC67A4D}.Release|Any CPU.Build.0 = Release|Any CPU
		{18F0A582-EE81-4E3C-8DE2-C10C9CE90326}.Debug|Any CPU.ActiveCfg = Debug|Any CPU
		{18F0A582-EE81-4E3C-8DE2-C10C9CE90326}.Debug|Any CPU.Build.0 = Debug|Any CPU
		{18F0A582-EE81-4E3C-8DE2-C10C9CE90326}.Release|Any CPU.ActiveCfg = Release|Any CPU
		{18F0A582-EE81-4E3C-8DE2-C10C9CE90326}.Release|Any CPU.Build.0 = Release|Any CPU
		{34C35752-E61A-4059-92D5-CD9D9E920F7B}.Debug|Any CPU.ActiveCfg = Debug|Any CPU
		{34C35752-E61A-4059-92D5-CD9D9E920F7B}.Debug|Any CPU.Build.0 = Debug|Any CPU
		{34C35752-E61A-4059-92D5-CD9D9E920F7B}.Release|Any CPU.ActiveCfg = Release|Any CPU
		{34C35752-E61A-4059-92D5-CD9D9E920F7B}.Release|Any CPU.Build.0 = Release|Any CPU
	EndGlobalSection
	GlobalSection(SolutionProperties) = preSolution
		HideSolutionNode = FALSE
	EndGlobalSection
	GlobalSection(NestedProjects) = preSolution
		{36A99445-FE54-49FA-96F3-1102E2ED185E} = {8F763441-A158-4337-A5B8-73913A73B286}
		{621DE738-5D25-413B-9ACF-105559CA49F8} = {8F763441-A158-4337-A5B8-73913A73B286}
		{73CA4A0A-C0FA-489F-BDBE-EDEBB208B808} = {8F763441-A158-4337-A5B8-73913A73B286}
		{BD69016F-9C7F-4426-989D-0CC0976CDC4F} = {8F763441-A158-4337-A5B8-73913A73B286}
		{506495C1-E943-454D-8B16-98C323BA63D5} = {8F763441-A158-4337-A5B8-73913A73B286}
		{B6641376-683E-4D4B-8090-94662EF086DB} = {A160D467-EE5D-44E6-9F7B-A5D60A351238}
		{7E176ED7-E172-4469-A7A5-0165EEE8A97E} = {A160D467-EE5D-44E6-9F7B-A5D60A351238}
		{C8C87BF1-91E2-4E96-AD51-B85A787D9EE0} = {A160D467-EE5D-44E6-9F7B-A5D60A351238}
		{71CF8EDC-DBC3-4A7E-B7C5-E27C74DB3687} = {A160D467-EE5D-44E6-9F7B-A5D60A351238}
		{B7EDB076-6B8C-42FC-A825-F8A290B46ACB} = {A160D467-EE5D-44E6-9F7B-A5D60A351238}
		{56B26D7A-B1A7-43BE-B913-4E6E63B4BBF4} = {9AFAA882-A5AE-4F77-B8A1-B16BAE9B2DB2}
		{29D3A891-DA3A-42AE-843A-0ED7BDBE4875} = {9AFAA882-A5AE-4F77-B8A1-B16BAE9B2DB2}
		{4AF31667-C417-467C-8D1C-80629D414984} = {9AFAA882-A5AE-4F77-B8A1-B16BAE9B2DB2}
		{2A8D681B-A84E-485E-BF76-298F1EC8DE45} = {9AFAA882-A5AE-4F77-B8A1-B16BAE9B2DB2}
		{9EFB829D-FFD0-44C3-BEBF-6C888606F5C6} = {B62C871C-FDA0-469B-88EC-AD02C912A2EE}
		{E98D30A5-5BE2-48A7-8D4D-36B0F6A27928} = {B62C871C-FDA0-469B-88EC-AD02C912A2EE}
		{6B35CE2C-6B89-405F-9358-A37F2AC67A4D} = {B62C871C-FDA0-469B-88EC-AD02C912A2EE}
		{18F0A582-EE81-4E3C-8DE2-C10C9CE90326} = {B62C871C-FDA0-469B-88EC-AD02C912A2EE}
		{34C35752-E61A-4059-92D5-CD9D9E920F7B} = {EC969C20-7C4B-4697-BE7B-357BF41A6E15}
	EndGlobalSection
	GlobalSection(ExtensibilityGlobals) = postSolution
		SolutionGuid = {D88E419D-8EBF-4982-A633-6C55620AAAFE}
	EndGlobalSection
EndGlobal
